
Microsoft Visual Studio Solution File, Format Version 12.00
# Visual Studio Version 17
VisualStudioVersion = 17.4.33103.184
MinimumVisualStudioVersion = 10.0.40219.1
Project("{8BC9CEB8-8B4A-11D0-8D11-00A0C91BC942}") = "ConsoleApplication2", "ConsoleApplication2\ConsoleApplication2.vcxproj", "{5BCD629C-CD0C-40AB-96B4-2A462051F42B}"
EndProject
Global
	GlobalSection(SolutionConfigurationPlatforms) = preSolution
		Debug|x64 = Debug|x64
		Debug|x86 = Debug|x86
		Release|x64 = Release|x64
		Release|x86 = Release|x86
	EndGlobalSection
	GlobalSection(ProjectConfigurationPlatforms) = postSolution
		{5BCD629C-CD0C-40AB-96B4-2A462051F42B}.Debug|x64.ActiveCfg = Debug|x64
		{5BCD629C-CD0C-40AB-96B4-2A462051F42B}.Debug|x64.Build.0 = Debug|x64
		{5BCD629C-CD0C-40AB-96B4-2A462051F42B}.Debug|x86.ActiveCfg = Debug|Win32
		{5BCD629C-CD0C-40AB-96B4-2A462051F42B}.Debug|x86.Build.0 = Debug|Win32
		{5BCD629C-CD0C-40AB-96B4-2A462051F42B}.Release|x64.ActiveCfg = Release|x64
		{5BCD629C-CD0C-40AB-96B4-2A462051F42B}.Release|x64.Build.0 = Release|x64
		{5BCD629C-CD0C-40AB-96B4-2A462051F42B}.Release|x86.ActiveCfg = Release|Win32
		{5BCD629C-CD0C-40AB-96B4-2A462051F42B}.Release|x86.Build.0 = Release|Win32
	EndGlobalSection
	GlobalSection(SolutionProperties) = preSolution
		HideSolutionNode = FALSE
	EndGlobalSection
	GlobalSection(ExtensibilityGlobals) = postSolution
		SolutionGuid = {BF7D17AF-BB67-4E74-B831-81A0A28A69E1}
	EndGlobalSection
EndGlobal
